
Microsoft Visual Studio Solution File, Format Version 12.00
# Visual Studio Version 17
VisualStudioVersion = 17.7.33808.371
MinimumVisualStudioVersion = 10.0.40219.1
Project("{FAE04EC0-301F-11D3-BF4B-00C04F79EFBC}") = "MyBasicConsoleApplication", "MyBasicConsoleApplication\MyBasicConsoleApplication.csproj", "{79B726B0-A593-4641-B4FC-10615C6AF9D0}"
EndProject
Global
	GlobalSection(SolutionConfigurationPlatforms) = preSolution
		Debug|Any CPU = Debug|Any CPU
		Release|Any CPU = Release|Any CPU
	EndGlobalSection
	GlobalSection(ProjectConfigurationPlatforms) = postSolution
		{79B726B0-A593-4641-B4FC-10615C6AF9D0}.Debug|Any CPU.ActiveCfg = Debug|Any CPU
		{79B726B0-A593-4641-B4FC-10615C6AF9D0}.Debug|Any CPU.Build.0 = Debug|Any CPU
		{79B726B0-A593-4641-B4FC-10615C6AF9D0}.Release|Any CPU.ActiveCfg = Release|Any CPU
		{79B726B0-A593-4641-B4FC-10615C6AF9D0}.Release|Any CPU.Build.0 = Release|Any CPU
	EndGlobalSection
	GlobalSection(SolutionProperties) = preSolution
		HideSolutionNode = FALSE
	EndGlobalSection
	GlobalSection(ExtensibilityGlobals) = postSolution
		SolutionGuid = {611B549A-C599-4BCE-B374-3972ADB0E28D}
	EndGlobalSection
EndGlobal
